Microsoft Visual Studio Solution File, Format Version 12.00
# Visual Studio 15
VisualStudioVersion = 15.0.27130.2026
MinimumVisualStudioVersion = 15.0.26124.0
Project("{9A19103F-16F7-4668-BE54-9A1E7A4F7556}") = "WbTstr.Testbed", "WbTstr.Testbed\WbTstr.Testbed.csproj", "{3C2B89CA-7EE3-4BC5-8B0B-D31A85AA0539}"
EndProject
Global
	GlobalSection(SolutionConfigurationPlatforms) = preSolution
		Debug|Any CPU = Debug|Any CPU
		Debug|x64 = Debug|x64
		Debug|x86 = Debug|x86
		Release|Any CPU = Release|Any CPU
		Release|x64 = Release|x64
		Release|x86 = Release|x86
	EndGlobalSection
	GlobalSection(ProjectConfigurationPlatforms) = postSolution
		{3C2B89CA-7EE3-4BC5-8B0B-D31A85AA0539}.Debug|Any CPU.ActiveCfg = Debug|Any CPU
		{3C2B89CA-7EE3-4BC5-8B0B-D31A85AA0539}.Debug|Any CPU.Build.0 = Debug|Any CPU
		{3C2B89CA-7EE3-4BC5-8B0B-D31A85AA0539}.Debug|x64.ActiveCfg = Debug|Any CPU
		{3C2B89CA-7EE3-4BC5-8B0B-D31A85AA0539}.Debug|x64.Build.0 = Debug|Any CPU
		{3C2B89CA-7EE3-4BC5-8B0B-D31A85AA0539}.Debug|x86.ActiveCfg = Debug|Any CPU
		{3C2B89CA-7EE3-4BC5-8B0B-D31A85AA0539}.Debug|x86.Build.0 = Debug|Any CPU
		{3C2B89CA-7EE3-4BC5-8B0B-D31A85AA0539}.Release|Any CPU.ActiveCfg = Release|Any CPU
		{3C2B89CA-7EE3-4BC5-8B0B-D31A85AA0539}.Release|Any CPU.Build.0 = Release|Any CPU
		{3C2B89CA-7EE3-4BC5-8B0B-D31A85AA0539}.Release|x64.ActiveCfg = Release|Any CPU
		{3C2B89CA-7EE3-4BC5-8B0B-D31A85AA0539}.Release|x64.Build.0 = Release|Any CPU
		{3C2B89CA-7EE3-4BC5-8B0B-D31A85AA0539}.Release|x86.ActiveCfg = Release|Any CPU
		{3C2B89CA-7EE3-4BC5-8B0B-D31A85AA0539}.Release|x86.Build.0 = Release|Any CPU
	EndGlobalSection
	GlobalSection(SolutionProperties) = preSolution
		HideSolutionNode = FALSE
	EndGlobalSection
	GlobalSection(ExtensibilityGlobals) = postSolution
		SolutionGuid = {4AA44BFE-815A-45DB-8471-0780D6353D22}
	EndGlobalSection
EndGlobal
